// !$*UTF8*$!
{
	archiveVersion = 1;
	classes = {
	};
	objectVersion = 77;
	objects = {

/* Begin PBXBuildFile section */
		C061E59F2EDB202100233C43 /* FirebaseAnalytics in Frameworks */ = {isa = PBXBuildFile; productRef = C061E59E2EDB202100233C43 /* FirebaseAnalytics */; };
		C061E5A12EDB202100233C43 /* FirebaseAuth in Frameworks */ = {isa = PBXBuildFile; productRef = C061E5A02EDB202100233C43 /* FirebaseAuth */; };
		C061E5A32EDB202100233C43 /* FirebaseCore in Frameworks */ = {isa = PBXBuildFile; productRef = C061E5A22EDB202100233C43 /* FirebaseCore */; };
		C061E5A52EDB202100233C43 /* FirebaseFirestore in Frameworks */ = {isa = PBXBuildFile; productRef = C061E5A42EDB202100233C43 /* FirebaseFirestore */; };
		C061E5A72EDB228500233C43 /* FirebaseCrashlytics in Frameworks */ = {isa = PBXBuildFile; productRef = C061E5A62EDB228500233C43 /* FirebaseCrashlytics */; };
		C061E6142EDCDE2F00233C43 /* maayyiz.appex in Embed Foundation Extensions */ = {isa = PBXBuildFile; fileRef = C061E60A2EDCDE2E00233C43 /* maayyiz.appex */; settings = {ATTRIBUTES = (RemoveHeadersOnCopy, ); }; };
/* End PBXBuildFile section */

/* Begin PBXContainerItemProxy section */
		C05E42D52EC1203D00F3A26E /* PBXContainerItemProxy */ = {
			isa = PBXContainerItemProxy;
			containerPortal = C05E42BF2EC1203B00F3A26E /* Project object */;
			proxyType = 1;
			remoteGlobalIDString = C05E42C62EC1203B00F3A26E;
			remoteInfo = Mayyiz;
		};
		C05E42DF2EC1203D00F3A26E /* PBXContainerItemProxy */ = {
			isa = PBXContainerItemProxy;
			containerPortal = C05E42BF2EC1203B00F3A26E /* Project object */;
			proxyType = 1;
			remoteGlobalIDString = C05E42C62EC1203B00F3A26E;
			remoteInfo = Mayyiz;
		};
		C061E6122EDCDE2F00233C43 /* PBXContainerItemProxy */ = {
			isa = PBXContainerItemProxy;
			containerPortal = C05E42BF2EC1203B00F3A26E /* Project object */;
			proxyType = 1;
			remoteGlobalIDString = C061E6092EDCDE2E00233C43;
			remoteInfo = maayyiz;
		};
/* End PBXContainerItemProxy section */

/* Begin PBXCopyFilesBuildPhase section */
		C061E6152EDCDE2F00233C43 /* Embed Foundation Extensions */ = {
			isa = PBXCopyFilesBuildPhase;
			buildActionMask = 2147483647;
			dstPath = "";
			dstSubfolderSpec = 13;
			files = (
				C061E6142EDCDE2F00233C43 /* maayyiz.appex in Embed Foundation Extensions */,
			);
			name = "Embed Foundation Extensions";
			runOnlyForDeploymentPostprocessing = 0;
		};
/* End PBXCopyFilesBuildPhase section */

/* Begin PBXFileReference section */
		C05E42C72EC1203B00F3A26E /* Mayyiz.app */ = {isa = PBXFileReference; explicitFileType = wrapper.application; includeInIndex = 0; path = Mayyiz.app; sourceTree = BUILT_PRODUCTS_DIR; };
		C05E42D42EC1203D00F3A26E /* MayyizTests.xctest */ = {isa = PBXFileReference; explicitFileType = wrapper.cfbundle; includeInIndex = 0; path = MayyizTests.xctest; sourceTree = BUILT_PRODUCTS_DIR; };
		C05E42DE2EC1203D00F3A26E /* MayyizUITests.xctest */ = {isa = PBXFileReference; explicitFileType = wrapper.cfbundle; includeInIndex = 0; path = MayyizUITests.xctest; sourceTree = BUILT_PRODUCTS_DIR; };
		C061E60A2EDCDE2E00233C43 /* maayyiz.appex */ = {isa = PBXFileReference; explicitFileType = "wrapper.app-extension"; includeInIndex = 0; path = maayyiz.appex; sourceTree = BUILT_PRODUCTS_DIR; };
/* End PBXFileReference section */

/* Begin PBXFileSystemSynchronizedBuildFileExceptionSet section */
		C061E5992EDB1D8000233C43 /* Exceptions for "Mayyiz" folder in "Mayyiz" target */ = {
			isa = PBXFileSystemSynchronizedBuildFileExceptionSet;
			membershipExceptions = (
				Assets.xcassets,
				Info.plist,
			);
			target = C05E42C62EC1203B00F3A26E /* Mayyiz */;
		};
		C061E6192EDCDE2F00233C43 /* Exceptions for "maayyiz" folder in "maayyiz" target */ = {
			isa = PBXFileSystemSynchronizedBuildFileExceptionSet;
			membershipExceptions = (
				Info.plist,
			);
			target = C061E6092EDCDE2E00233C43 /* maayyiz */;
		};
/* End PBXFileSystemSynchronizedBuildFileExceptionSet section */

/* Begin PBXFileSystemSynchronizedRootGroup section */
		C05E42C92EC1203B00F3A26E /* Mayyiz */ = {
			isa = PBXFileSystemSynchronizedRootGroup;
			exceptions = (
				C061E5992EDB1D8000233C43 /* Exceptions for "Mayyiz" folder in "Mayyiz" target */,
			);
			path = Mayyiz;
			sourceTree = "<group>";
		};
		C05E42D72EC1203D00F3A26E /* MayyizTests */ = {
			isa = PBXFileSystemSynchronizedRootGroup;
			path = MayyizTests;
			sourceTree = "<group>";
		};
		C05E42E12EC1203D00F3A26E /* MayyizUITests */ = {
			isa = PBXFileSystemSynchronizedRootGroup;
			path = MayyizUITests;
			sourceTree = "<group>";
		};
		C061E60B2EDCDE2F00233C43 /* maayyiz */ = {
			isa = PBXFileSystemSynchronizedRootGroup;
			exceptions = (
				C061E6192EDCDE2F00233C43 /* Exceptions for "maayyiz" folder in "maayyiz" target */,
			);
			path = maayyiz;
			sourceTree = "<group>";
		};
/* End PBXFileSystemSynchronizedRootGroup section */

/* Begin PBXFrameworksBuildPhase section */
		C05E42C42EC1203B00F3A26E /* Frameworks */ = {
			isa = PBXFrameworksBuildPhase;
			buildActionMask = 2147483647;
			files = (
				C061E59F2EDB202100233C43 /* FirebaseAnalytics in Frameworks */,
				C061E5A52EDB202100233C43 /* FirebaseFirestore in Frameworks */,
				C061E5A72EDB228500233C43 /* FirebaseCrashlytics in Frameworks */,
				C061E5A32EDB202100233C43 /* FirebaseCore in Frameworks */,
				C061E5A12EDB202100233C43 /* FirebaseAuth in Frameworks */,
			);
			runOnlyForDeploymentPostprocessing = 0;
		};
		C05E42D12EC1203D00F3A26E /* Frameworks */ = {
			isa = PBXFrameworksBuildPhase;
			buildActionMask = 2147483647;
			files = (
			);
			runOnlyForDeploymentPostprocessing = 0;
		};
		C05E42DB2EC1203D00F3A26E /* Frameworks */ = {
			isa = PBXFrameworksBuildPhase;
			buildActionMask = 2147483647;
			files = (
			);
			runOnlyForDeploymentPostprocessing = 0;
		};
		C061E6072EDCDE2E00233C43 /* Frameworks */ = {
			isa = PBXFrameworksBuildPhase;
			buildActionMask = 2147483647;
			files = (
			);
			runOnlyForDeploymentPostprocessing = 0;
		};
/* End PBXFrameworksBuildPhase section */

/* Begin PBXGroup section */
		C05E42BE2EC1203B00F3A26E = {
			isa = PBXGroup;
			children = (
				C05E42C92EC1203B00F3A26E /* Mayyiz */,
				C05E42D72EC1203D00F3A26E /* MayyizTests */,
				C05E42E12EC1203D00F3A26E /* MayyizUITests */,
				C061E60B2EDCDE2F00233C43 /* maayyiz */,
				C061E59D2EDB202100233C43 /* Frameworks */,
				C05E42C82EC1203B00F3A26E /* Products */,
			);
			sourceTree = "<group>";
		};
		C05E42C82EC1203B00F3A26E /* Products */ = {
			isa = PBXGroup;
			children = (
				C05E42C72EC1203B00F3A26E /* Mayyiz.app */,
				C05E42D42EC1203D00F3A26E /* MayyizTests.xctest */,
				C05E42DE2EC1203D00F3A26E /* MayyizUITests.xctest */,
				C061E60A2EDCDE2E00233C43 /* maayyiz.appex */,
			);
			name = Products;
			sourceTree = "<group>";
		};
		C061E59D2EDB202100233C43 /* Frameworks */ = {
			isa = PBXGroup;
			children = (
			);
			name = Frameworks;
			sourceTree = "<group>";
		};
/* End PBXGroup section */

/* Begin PBXNativeTarget section */
		C05E42C62EC1203B00F3A26E /* Mayyiz */ = {
			isa = PBXNativeTarget;
			buildConfigurationList = C05E42E82EC1203D00F3A26E /* Build configuration list for PBXNativeTarget "Mayyiz" */;
			buildPhases = (
				C05E42C32EC1203B00F3A26E /* Sources */,
				C05E42C42EC1203B00F3A26E /* Frameworks */,
				C061E5982EDB1D8000233C43 /* Resources */,
				C061E6152EDCDE2F00233C43 /* Embed Foundation Extensions */,
			);
			buildRules = (
			);
			dependencies = (
				C061E6132EDCDE2F00233C43 /* PBXTargetDependency */,
			);
			fileSystemSynchronizedGroups = (
				C05E42C92EC1203B00F3A26E /* Mayyiz */,
			);
			name = Mayyiz;
			packageProductDependencies = (
				C061E59E2EDB202100233C43 /* FirebaseAnalytics */,
				C061E5A02EDB202100233C43 /* FirebaseAuth */,
				C061E5A22EDB202100233C43 /* FirebaseCore */,
				C061E5A42EDB202100233C43 /* FirebaseFirestore */,
				C061E5A62EDB228500233C43 /* FirebaseCrashlytics */,
			);
			productName = Mayyiz;
			productReference = C05E42C72EC1203B00F3A26E /* Mayyiz.app */;
			productType = "com.apple.product-type.application";
		};
		C05E42D32EC1203D00F3A26E /* MayyizTests */ = {
			isa = PBXNativeTarget;
			buildConfigurationList = C05E42EB2EC1203D00F3A26E /* Build configuration list for PBXNativeTarget "MayyizTests" */;
			buildPhases = (
				C05E42D02EC1203D00F3A26E /* Sources */,
				C05E42D12EC1203D00F3A26E /* Frameworks */,
				C05E42D22EC1203D00F3A26E /* Resources */,
			);
			buildRules = (
			);
			dependencies = (
				C05E42D62EC1203D00F3A26E /* PBXTargetDependency */,
			);
			fileSystemSynchronizedGroups = (
				C05E42D72EC1203D00F3A26E /* MayyizTests */,
			);
			name = MayyizTests;
			packageProductDependencies = (
			);
			productName = MayyizTests;
			productReference = C05E42D42EC1203D00F3A26E /* MayyizTests.xctest */;
			productType = "com.apple.product-type.bundle.unit-test";
		};
		C05E42DD2EC1203D00F3A26E /* MayyizUITests */ = {
			isa = PBXNativeTarget;
			buildConfigurationList = C05E42EE2EC1203D00F3A26E /* Build configuration list for PBXNativeTarget "MayyizUITests" */;
			buildPhases = (
				C05E42DA2EC1203D00F3A26E /* Sources */,
				C05E42DB2EC1203D00F3A26E /* Frameworks */,
				C05E42DC2EC1203D00F3A26E /* Resources */,
			);
			buildRules = (
			);
			dependencies = (
				C05E42E02EC1203D00F3A26E /* PBXTargetDependency */,
			);
			fileSystemSynchronizedGroups = (
				C05E42E12EC1203D00F3A26E /* MayyizUITests */,
			);
			name = MayyizUITests;
			packageProductDependencies = (
			);
			productName = MayyizUITests;
			productReference = C05E42DE2EC1203D00F3A26E /* MayyizUITests.xctest */;
			productType = "com.apple.product-type.bundle.ui-testing";
		};
		C061E6092EDCDE2E00233C43 /* maayyiz */ = {
			isa = PBXNativeTarget;
			buildConfigurationList = C061E6182EDCDE2F00233C43 /* Build configuration list for PBXNativeTarget "maayyiz" */;
			buildPhases = (
				C061E6062EDCDE2E00233C43 /* Sources */,
				C061E6072EDCDE2E00233C43 /* Frameworks */,
				C061E6082EDCDE2E00233C43 /* Resources */,
			);
			buildRules = (
			);
			dependencies = (
			);
			fileSystemSynchronizedGroups = (
				C061E60B2EDCDE2F00233C43 /* maayyiz */,
			);
			name = maayyiz;
			packageProductDependencies = (
			);
			productName = maayyiz;
			productReference = C061E60A2EDCDE2E00233C43 /* maayyiz.appex */;
			productType = "com.apple.product-type.app-extension";
		};
/* End PBXNativeTarget section */

/* Begin PBXProject section */
		C05E42BF2EC1203B00F3A26E /* Project object */ = {
			isa = PBXProject;
			attributes = {
				BuildIndependentTargetsInParallel = 1;
				LastSwiftUpdateCheck = 2610;
				LastUpgradeCheck = 2600;
				TargetAttributes = {
					C05E42C62EC1203B00F3A26E = {
						CreatedOnToolsVersion = 26.0.1;
					};
					C05E42D32EC1203D00F3A26E = {
						CreatedOnToolsVersion = 26.0.1;
						TestTargetID = C05E42C62EC1203B00F3A26E;
					};
					C05E42DD2EC1203D00F3A26E = {
						CreatedOnToolsVersion = 26.0.1;
						TestTargetID = C05E42C62EC1203B00F3A26E;
					};
					C061E6092EDCDE2E00233C43 = {
						CreatedOnToolsVersion = 26.1.1;
					};
				};
			};
			buildConfigurationList = C05E42C22EC1203B00F3A26E /* Build configuration list for PBXProject "Mayyiz" */;
			developmentRegion = en;
			hasScannedForEncodings = 0;
			knownRegions = (
				en,
				Base,
			);
			mainGroup = C05E42BE2EC1203B00F3A26E;
			minimizedProjectReferenceProxies = 1;
			packageReferences = (
				C061E59C2EDB1F8600233C43 /* XCRemoteSwiftPackageReference "firebase-ios-sdk" */,
			);
			preferredProjectObjectVersion = 77;
			productRefGroup = C05E42C82EC1203B00F3A26E /* Products */;
			projectDirPath = "";
			projectRoot = "";
			targets = (
				C05E42C62EC1203B00F3A26E /* Mayyiz */,
				C05E42D32EC1203D00F3A26E /* MayyizTests */,
				C05E42DD2EC1203D00F3A26E /* MayyizUITests */,
				C061E6092EDCDE2E00233C43 /* maayyiz */,
			);
		};
/* End PBXProject section */

/* Begin PBXResourcesBuildPhase section */
		C05E42D22EC1203D00F3A26E /* Resources */ = {
			isa = PBXResourcesBuildPhase;
			buildActionMask = 2147483647;
			files = (
			);
			runOnlyForDeploymentPostprocessing = 0;
		};
		C05E42DC2EC1203D00F3A26E /* Resources */ = {
			isa = PBXResourcesBuildPhase;
			buildActionMask = 2147483647;
			files = (
			);
			runOnlyForDeploymentPostprocessing = 0;
		};
		C061E5982EDB1D8000233C43 /* Resources */ = {
			isa = PBXResourcesBuildPhase;
			buildActionMask = 2147483647;
			files = (
			);
			runOnlyForDeploymentPostprocessing = 0;
		};
		C061E6082EDCDE2E00233C43 /* Resources */ = {
			isa = PBXResourcesBuildPhase;
			buildActionMask = 2147483647;
			files = (
			);
			runOnlyForDeploymentPostprocessing = 0;
		};
/* End PBXResourcesBuildPhase section */

/* Begin PBXSourcesBuildPhase section */
		C05E42C32EC1203B00F3A26E /* Sources */ = {
			isa = PBXSourcesBuildPhase;
			buildActionMask = 2147483647;
			files = (
			);
			runOnlyForDeploymentPostprocessing = 0;
		};
		C05E42D02EC1203D00F3A26E /* Sources */ = {
			isa = PBXSourcesBuildPhase;
			buildActionMask = 2147483647;
			files = (
			);
			runOnlyForDeploymentPostprocessing = 0;
		};
		C05E42DA2EC1203D00F3A26E /* Sources */ = {
			isa = PBXSourcesBuildPhase;
			buildActionMask = 2147483647;
			files = (
			);
			runOnlyForDeploymentPostprocessing = 0;
		};
		C061E6062EDCDE2E00233C43 /* Sources */ = {
			isa = PBXSourcesBuildPhase;
			buildActionMask = 2147483647;
			files = (
			);
			runOnlyForDeploymentPostprocessing = 0;
		};
/* End PBXSourcesBuildPhase section */

/* Begin PBXTargetDependency section */
		C05E42D62EC1203D00F3A26E /* PBXTargetDependency */ = {
			isa = PBXTargetDependency;
			target = C05E42C62EC1203B00F3A26E /* Mayyiz */;
			targetProxy = C05E42D52EC1203D00F3A26E /* PBXContainerItemProxy */;
		};
		C05E42E02EC1203D00F3A26E /* PBXTargetDependency */ = {
			isa = PBXTargetDependency;
			target = C05E42C62EC1203B00F3A26E /* Mayyiz */;
			targetProxy = C05E42DF2EC1203D00F3A26E /* PBXContainerItemProxy */;
		};
		C061E6132EDCDE2F00233C43 /* PBXTargetDependency */ = {
			isa = PBXTargetDependency;
			target = C061E6092EDCDE2E00233C43 /* maayyiz */;
			targetProxy = C061E6122EDCDE2F00233C43 /* PBXContainerItemProxy */;
		};
/* End PBXTargetDependency section */

/* Begin XCBuildConfiguration section */
		C05E42E62EC1203D00F3A26E /* Debug */ = {
			isa = XCBuildConfiguration;
			buildSettings = {
				ALWAYS_SEARCH_USER_PATHS = NO;
				ASSETCATALOG_COMPILER_GENERATE_SWIFT_ASSET_SYMBOL_EXTENSIONS = YES;
				CLANG_ANALYZER_NONNULL = YES;
				CLANG_ANALYZER_NUMBER_OBJECT_CONVERSION = YES_AGGRESSIVE;
				CLANG_CXX_LANGUAGE_STANDARD = "gnu++20";
				CLANG_ENABLE_MODULES = YES;
				CLANG_ENABLE_OBJC_ARC = YES;
				CLANG_ENABLE_OBJC_WEAK = YES;
				CLANG_WARN_BLOCK_CAPTURE_AUTORELEASING = YES;
				CLANG_WARN_BOOL_CONVERSION = YES;
				CLANG_WARN_COMMA = YES;
				CLANG_WARN_CONSTANT_CONVERSION = YES;
				CLANG_WARN_DEPRECATED_OBJC_IMPLEMENTATIONS = YES;
				CLANG_WARN_DIRECT_OBJC_ISA_USAGE = YES_ERROR;
				CLANG_WARN_DOCUMENTATION_COMMENTS = YES;
				CLANG_WARN_EMPTY_BODY = YES;
				CLANG_WARN_ENUM_CONVERSION = YES;
				CLANG_WARN_INFINITE_RECURSION = YES;
				CLANG_WARN_INT_CONVERSION = YES;
				CLANG_WARN_NON_LITERAL_NULL_CONVERSION = YES;
				CLANG_WARN_OBJC_IMPLICIT_RETAIN_SELF = YES;
				CLANG_WARN_OBJC_LITERAL_CONVERSION = YES;
				CLANG_WARN_OBJC_ROOT_CLASS = YES_ERROR;
				CLANG_WARN_QUOTED_INCLUDE_IN_FRAMEWORK_HEADER = YES;
				CLANG_WARN_RANGE_LOOP_ANALYSIS = YES;
				CLANG_WARN_STRICT_PROTOTYPES = YES;
				CLANG_WARN_SUSPICIOUS_MOVE = YES;
				CLANG_WARN_UNGUARDED_AVAILABILITY = YES_AGGRESSIVE;
				CLANG_WARN_UNREACHABLE_CODE = YES;
				CLANG_WARN__DUPLICATE_METHOD_MATCH = YES;
				COPY_PHASE_STRIP = NO;
				DEBUG_INFORMATION_FORMAT = dwarf;
				DEVELOPMENT_TEAM = LY8LHRDJ97;
				ENABLE_STRICT_OBJC_MSGSEND = YES;
				ENABLE_TESTABILITY = YES;
				ENABLE_USER_SCRIPT_SANDBOXING = YES;
				GCC_C_LANGUAGE_STANDARD = gnu17;
				GCC_DYNAMIC_NO_PIC = NO;
				GCC_NO_COMMON_BLOCKS = YES;
				GCC_OPTIMIZATION_LEVEL = 0;
				GCC_PREPROCESSOR_DEFINITIONS = (
					"DEBUG=1",
					"$(inherited)",
				);
				GCC_WARN_64_TO_32_BIT_CONVERSION = YES;
				GCC_WARN_ABOUT_RETURN_TYPE = YES_ERROR;
				GCC_WARN_UNDECLARED_SELECTOR = YES;
				GCC_WARN_UNINITIALIZED_AUTOS = YES_AGGRESSIVE;
				GCC_WARN_UNUSED_FUNCTION = YES;
				GCC_WARN_UNUSED_VARIABLE = YES;
				LOCALIZATION_PREFERS_STRING_CATALOGS = YES;
				MTL_ENABLE_DEBUG_INFO = INCLUDE_SOURCE;
				MTL_FAST_MATH = YES;
				ONLY_ACTIVE_ARCH = YES;
				SWIFT_ACTIVE_COMPILATION_CONDITIONS = "DEBUG $(inherited)";
				SWIFT_OPTIMIZATION_LEVEL = "-Onone";
			};
			name = Debug;
		};
		C05E42E72EC1203D00F3A26E /* Release */ = {
			isa = XCBuildConfiguration;
			buildSettings = {
				ALWAYS_SEARCH_USER_PATHS = NO;
				ASSETCATALOG_COMPILER_GENERATE_SWIFT_ASSET_SYMBOL_EXTENSIONS = YES;
				CLANG_ANALYZER_NONNULL = YES;
				CLANG_ANALYZER_NUMBER_OBJECT_CONVERSION = YES_AGGRESSIVE;
				CLANG_CXX_LANGUAGE_STANDARD = "gnu++20";
				CLANG_ENABLE_MODULES = YES;
				CLANG_ENABLE_OBJC_ARC = YES;
				CLANG_ENABLE_OBJC_WEAK = YES;
				CLANG_WARN_BLOCK_CAPTURE_AUTORELEASING = YES;
				CLANG_WARN_BOOL_CONVERSION = YES;
				CLANG_WARN_COMMA = YES;
				CLANG_WARN_CONSTANT_CONVERSION = YES;
				CLANG_WARN_DEPRECATED_OBJC_IMPLEMENTATIONS = YES;
				CLANG_WARN_DIRECT_OBJC_ISA_USAGE = YES_ERROR;
				CLANG_WARN_DOCUMENTATION_COMMENTS = YES;
				CLANG_WARN_EMPTY_BODY = YES;
				CLANG_WARN_ENUM_CONVERSION = YES;
				CLANG_WARN_INFINITE_RECURSION = YES;
				CLANG_WARN_INT_CONVERSION = YES;
				CLANG_WARN_NON_LITERAL_NULL_CONVERSION = YES;
				CLANG_WARN_OBJC_IMPLICIT_RETAIN_SELF = YES;
				CLANG_WARN_OBJC_LITERAL_CONVERSION = YES;
				CLANG_WARN_OBJC_ROOT_CLASS = YES_ERROR;
				CLANG_WARN_QUOTED_INCLUDE_IN_FRAMEWORK_HEADER = YES;
				CLANG_WARN_RANGE_LOOP_ANALYSIS = YES;
				CLANG_WARN_STRICT_PROTOTYPES = YES;
				CLANG_WARN_SUSPICIOUS_MOVE = YES;
				CLANG_WARN_UNGUARDED_AVAILABILITY = YES_AGGRESSIVE;
				CLANG_WARN_UNREACHABLE_CODE = YES;
				CLANG_WARN__DUPLICATE_METHOD_MATCH = YES;
				COPY_PHASE_STRIP = NO;
				DEBUG_INFORMATION_FORMAT = "dwarf-with-dsym";
				DEVELOPMENT_TEAM = LY8LHRDJ97;
				ENABLE_NS_ASSERTIONS = NO;
				ENABLE_STRICT_OBJC_MSGSEND = YES;
				ENABLE_USER_SCRIPT_SANDBOXING = YES;
				GCC_C_LANGUAGE_STANDARD = gnu17;
				GCC_NO_COMMON_BLOCKS = YES;
				GCC_WARN_64_TO_32_BIT_CONVERSION = YES;
				GCC_WARN_ABOUT_RETURN_TYPE = YES_ERROR;
				GCC_WARN_UNDECLARED_SELECTOR = YES;
				GCC_WARN_UNINITIALIZED_AUTOS = YES_AGGRESSIVE;
				GCC_WARN_UNUSED_FUNCTION = YES;
				GCC_WARN_UNUSED_VARIABLE = YES;
				LOCALIZATION_PREFERS_STRING_CATALOGS = YES;
				MTL_ENABLE_DEBUG_INFO = NO;
				MTL_FAST_MATH = YES;
				SWIFT_COMPILATION_MODE = wholemodule;
			};
			name = Release;
		};
		C05E42E92EC1203D00F3A26E /* Debug */ = {
			isa = XCBuildConfiguration;
			buildSettings = {
				ASSETCATALOG_COMPILER_APPICON_NAME = AppIcon;
				ASSETCATALOG_COMPILER_GLOBAL_ACCENT_COLOR_NAME = AccentColor;
				CODE_SIGN_STYLE = Automatic;
				CURRENT_PROJECT_VERSION = 1;
				DEVELOPMENT_TEAM = LY8LHRDJ97;
				ENABLE_APP_SANDBOX = YES;
				ENABLE_HARDENED_RUNTIME = YES;
				ENABLE_PREVIEWS = YES;
				ENABLE_USER_SELECTED_FILES = readonly;
				GENERATE_INFOPLIST_FILE = YES;
				"INFOPLIST_KEY_UIApplicationSceneManifest_Generation[sdk=iphoneos*]" = YES;
				"INFOPLIST_KEY_UIApplicationSceneManifest_Generation[sdk=iphonesimulator*]" = YES;
				"INFOPLIST_KEY_UIApplicationSupportsIndirectInputEvents[sdk=iphoneos*]" = YES;
				"INFOPLIST_KEY_UIApplicationSupportsIndirectInputEvents[sdk=iphonesimulator*]" = YES;
				"INFOPLIST_KEY_UILaunchScreen_Generation[sdk=iphoneos*]" = YES;
				"INFOPLIST_KEY_UILaunchScreen_Generation[sdk=iphonesimulator*]" = YES;
				"INFOPLIST_KEY_UIStatusBarStyle[sdk=iphoneos*]" = UIStatusBarStyleDefault;
				"INFOPLIST_KEY_UIStatusBarStyle[sdk=iphonesimulator*]" = UIStatusBarStyleDefault;
				INFOPLIST_KEY_UISupportedInterfaceOrientations_iPad = "UIInterfaceOrientationPortrait UIInterfaceOrientationPortraitUpsideDown UIInterfaceOrientationLandscapeLeft UIInterfaceOrientationLandscapeRight";
				INFOPLIST_KEY_UISupportedInterfaceOrientations_iPhone = "UIInterfaceOrientationPortrait UIInterfaceOrientationLandscapeLeft UIInterfaceOrientationLandscapeRight";
				IPHONEOS_DEPLOYMENT_TARGET = 15.6;
				LD_RUNPATH_SEARCH_PATHS = "@executable_path/Frameworks";
				"LD_RUNPATH_SEARCH_PATHS[sdk=macosx*]" = "@executable_path/../Frameworks";
				MACOSX_DEPLOYMENT_TARGET = 15.6;
				MARKETING_VERSION = 1.0;
				PRODUCT_BUNDLE_IDENTIFIER = BBola.Mayyiz;
				PRODUCT_NAME = "$(TARGET_NAME)";
				REGISTER_APP_GROUPS = YES;
				SDKROOT = auto;
				STRING_CATALOG_GENERATE_SYMBOLS = YES;
				SUPPORTED_PLATFORMS = "iphoneos iphonesimulator";
				SUPPORTS_MACCATALYST = NO;
				SWIFT_APPROACHABLE_CONCURRENCY = YES;
				SWIFT_DEFAULT_ACTOR_ISOLATION = MainActor;
				SWIFT_EMIT_LOC_STRINGS = YES;
				SWIFT_UPCOMING_FEATURE_MEMBER_IMPORT_VISIBILITY = YES;
				SWIFT_VERSION = 5.0;
				TARGETED_DEVICE_FAMILY = 1;
				XROS_DEPLOYMENT_TARGET = 26.0;
			};
			name = Debug;
		};
		C05E42EA2EC1203D00F3A26E /* Release */ = {
			isa = XCBuildConfiguration;
			buildSettings = {
				ASSETCATALOG_COMPILER_APPICON_NAME = AppIcon;
				ASSETCATALOG_COMPILER_GLOBAL_ACCENT_COLOR_NAME = AccentColor;
				CODE_SIGN_STYLE = Automatic;
				CURRENT_PROJECT_VERSION = 1;
				DEVELOPMENT_TEAM = LY8LHRDJ97;
				ENABLE_APP_SANDBOX = YES;
				ENABLE_HARDENED_RUNTIME = YES;
				ENABLE_PREVIEWS = YES;
				ENABLE_USER_SELECTED_FILES = readonly;
				GENERATE_INFOPLIST_FILE = YES;
				"INFOPLIST_KEY_UIApplicationSceneManifest_Generation[sdk=iphoneos*]" = YES;
				"INFOPLIST_KEY_UIApplicationSceneManifest_Generation[sdk=iphonesimulator*]" = YES;
				"INFOPLIST_KEY_UIApplicationSupportsIndirectInputEvents[sdk=iphoneos*]" = YES;
				"INFOPLIST_KEY_UIApplicationSupportsIndirectInputEvents[sdk=iphonesimulator*]" = YES;
				"INFOPLIST_KEY_UILaunchScreen_Generation[sdk=iphoneos*]" = YES;
				"INFOPLIST_KEY_UILaunchScreen_Generation[sdk=iphonesimulator*]" = YES;
				"INFOPLIST_KEY_UIStatusBarStyle[sdk=iphoneos*]" = UIStatusBarStyleDefault;
				"INFOPLIST_KEY_UIStatusBarStyle[sdk=iphonesimulator*]" = UIStatusBarStyleDefault;
				INFOPLIST_KEY_UISupportedInterfaceOrientations_iPad = "UIInterfaceOrientationPortrait UIInterfaceOrientationPortraitUpsideDown UIInterfaceOrientationLandscapeLeft UIInterfaceOrientationLandscapeRight";
				INFOPLIST_KEY_UISupportedInterfaceOrientations_iPhone = "UIInterfaceOrientationPortrait UIInterfaceOrientationLandscapeLeft UIInterfaceOrientationLandscapeRight";
				IPHONEOS_DEPLOYMENT_TARGET = 15.6;
				LD_RUNPATH_SEARCH_PATHS = "@executable_path/Frameworks";
				"LD_RUNPATH_SEARCH_PATHS[sdk=macosx*]" = "@executable_path/../Frameworks";
				MACOSX_DEPLOYMENT_TARGET = 15.6;
				MARKETING_VERSION = 1.0;
				PRODUCT_BUNDLE_IDENTIFIER = BBola.Mayyiz;
				PRODUCT_NAME = "$(TARGET_NAME)";
				REGISTER_APP_GROUPS = YES;
				SDKROOT = auto;
				STRING_CATALOG_GENERATE_SYMBOLS = YES;
				SUPPORTED_PLATFORMS = "iphoneos iphonesimulator";
				SUPPORTS_MACCATALYST = NO;
				SWIFT_APPROACHABLE_CONCURRENCY = YES;
				SWIFT_DEFAULT_ACTOR_ISOLATION = MainActor;
				SWIFT_EMIT_LOC_STRINGS = YES;
				SWIFT_UPCOMING_FEATURE_MEMBER_IMPORT_VISIBILITY = YES;
				SWIFT_VERSION = 5.0;
				TARGETED_DEVICE_FAMILY = 1;
				XROS_DEPLOYMENT_TARGET = 26.0;
			};
			name = Release;
		};
		C05E42EC2EC1203D00F3A26E /* Debug */ = {
			isa = XCBuildConfiguration;
			buildSettings = {
				BUNDLE_LOADER = "$(TEST_HOST)";
				CODE_SIGN_STYLE = Automatic;
				CURRENT_PROJECT_VERSION = 1;
				DEVELOPMENT_TEAM = LY8LHRDJ97;
				GENERATE_INFOPLIST_FILE = YES;
				IPHONEOS_DEPLOYMENT_TARGET = 26.0;
				MACOSX_DEPLOYMENT_TARGET = 15.6;
				MARKETING_VERSION = 1.0;
				PRODUCT_BUNDLE_IDENTIFIER = BBola.MayyizTests;
				PRODUCT_NAME = "$(TARGET_NAME)";
				SDKROOT = auto;
				STRING_CATALOG_GENERATE_SYMBOLS = NO;
				SUPPORTED_PLATFORMS = "iphoneos iphonesimulator macosx xros xrsimulator";
				SWIFT_APPROACHABLE_CONCURRENCY = YES;
				SWIFT_EMIT_LOC_STRINGS = NO;
				SWIFT_UPCOMING_FEATURE_MEMBER_IMPORT_VISIBILITY = YES;
				SWIFT_VERSION = 5.0;
				TARGETED_DEVICE_FAMILY = "1,2,7";
				TEST_HOST = "$(BUILT_PRODUCTS_DIR)/Mayyiz.app/$(BUNDLE_EXECUTABLE_FOLDER_PATH)/Mayyiz";
				XROS_DEPLOYMENT_TARGET = 26.0;
			};
			name = Debug;
		};
		C05E42ED2EC1203D00F3A26E /* Release */ = {
			isa = XCBuildConfiguration;
			buildSettings = {
				BUNDLE_LOADER = "$(TEST_HOST)";
				CODE_SIGN_STYLE = Automatic;
				CURRENT_PROJECT_VERSION = 1;
				DEVELOPMENT_TEAM = LY8LHRDJ97;
				GENERATE_INFOPLIST_FILE = YES;
				IPHONEOS_DEPLOYMENT_TARGET = 26.0;
				MACOSX_DEPLOYMENT_TARGET = 15.6;
				MARKETING_VERSION = 1.0;
				PRODUCT_BUNDLE_IDENTIFIER = BBola.MayyizTests;
				PRODUCT_NAME = "$(TARGET_NAME)";
				SDKROOT = auto;
				STRING_CATALOG_GENERATE_SYMBOLS = NO;
				SUPPORTED_PLATFORMS = "iphoneos iphonesimulator macosx xros xrsimulator";
				SWIFT_APPROACHABLE_CONCURRENCY = YES;
				SWIFT_EMIT_LOC_STRINGS = NO;
				SWIFT_UPCOMING_FEATURE_MEMBER_IMPORT_VISIBILITY = YES;
				SWIFT_VERSION = 5.0;
				TARGETED_DEVICE_FAMILY = "1,2,7";
				TEST_HOST = "$(BUILT_PRODUCTS_DIR)/Mayyiz.app/$(BUNDLE_EXECUTABLE_FOLDER_PATH)/Mayyiz";
				XROS_DEPLOYMENT_TARGET = 26.0;
			};
			name = Release;
		};
		C05E42EF2EC1203D00F3A26E /* Debug */ = {
			isa = XCBuildConfiguration;
			buildSettings = {
				CODE_SIGN_STYLE = Automatic;
				CURRENT_PROJECT_VERSION = 1;
				DEVELOPMENT_TEAM = LY8LHRDJ97;
				GENERATE_INFOPLIST_FILE = YES;
				IPHONEOS_DEPLOYMENT_TARGET = 26.0;
				MACOSX_DEPLOYMENT_TARGET = 15.6;
				MARKETING_VERSION = 1.0;
				PRODUCT_BUNDLE_IDENTIFIER = BBola.MayyizUITests;
				PRODUCT_NAME = "$(TARGET_NAME)";
				SDKROOT = auto;
				STRING_CATALOG_GENERATE_SYMBOLS = NO;
				SUPPORTED_PLATFORMS = "iphoneos iphonesimulator macosx xros xrsimulator";
				SWIFT_APPROACHABLE_CONCURRENCY = YES;
				SWIFT_EMIT_LOC_STRINGS = NO;
				SWIFT_UPCOMING_FEATURE_MEMBER_IMPORT_VISIBILITY = YES;
				SWIFT_VERSION = 5.0;
				TARGETED_DEVICE_FAMILY = "1,2,7";
				TEST_TARGET_NAME = Mayyiz;
				XROS_DEPLOYMENT_TARGET = 26.0;
			};
			name = Debug;
		};
		C05E42F02EC1203D00F3A26E /* Release */ = {
			isa = XCBuildConfiguration;
			buildSettings = {
				CODE_SIGN_STYLE = Automatic;
				CURRENT_PROJECT_VERSION = 1;
				DEVELOPMENT_TEAM = LY8LHRDJ97;
				GENERATE_INFOPLIST_FILE = YES;
				IPHONEOS_DEPLOYMENT_TARGET = 26.0;
				MACOSX_DEPLOYMENT_TARGET = 15.6;
				MARKETING_VERSION = 1.0;
				PRODUCT_BUNDLE_IDENTIFIER = BBola.MayyizUITests;
				PRODUCT_NAME = "$(TARGET_NAME)";
				SDKROOT = auto;
				STRING_CATALOG_GENERATE_SYMBOLS = NO;
				SUPPORTED_PLATFORMS = "iphoneos iphonesimulator macosx xros xrsimulator";
				SWIFT_APPROACHABLE_CONCURRENCY = YES;
				SWIFT_EMIT_LOC_STRINGS = NO;
				SWIFT_UPCOMING_FEATURE_MEMBER_IMPORT_VISIBILITY = YES;
				SWIFT_VERSION = 5.0;
				TARGETED_DEVICE_FAMILY = "1,2,7";
				TEST_TARGET_NAME = Mayyiz;
				XROS_DEPLOYMENT_TARGET = 26.0;
			};
			name = Release;
		};
		C061E6162EDCDE2F00233C43 /* Debug */ = {
			isa = XCBuildConfiguration;
			buildSettings = {
				CODE_SIGN_STYLE = Automatic;
				CURRENT_PROJECT_VERSION = 1;
				DEVELOPMENT_TEAM = LY8LHRDJ97;
				GENERATE_INFOPLIST_FILE = YES;
				INFOPLIST_FILE = maayyiz/Info.plist;
				INFOPLIST_KEY_CFBundleDisplayName = maayyiz;
				INFOPLIST_KEY_NSHumanReadableCopyright = "";
				IPHONEOS_DEPLOYMENT_TARGET = 26.1;
				LD_RUNPATH_SEARCH_PATHS = (
					"$(inherited)",
					"@executable_path/Frameworks",
					"@executable_path/../../Frameworks",
				);
				MARKETING_VERSION = 1.0;
				PRODUCT_BUNDLE_IDENTIFIER = BBola.Mayyiz.maayyiz;
				PRODUCT_NAME = "$(TARGET_NAME)";
				SDKROOT = iphoneos;
				SKIP_INSTALL = YES;
				STRING_CATALOG_GENERATE_SYMBOLS = YES;
				SWIFT_APPROACHABLE_CONCURRENCY = YES;
				SWIFT_EMIT_LOC_STRINGS = YES;
				SWIFT_UPCOMING_FEATURE_MEMBER_IMPORT_VISIBILITY = YES;
				SWIFT_VERSION = 5.0;
				TARGETED_DEVICE_FAMILY = "1,2";
			};
			name = Debug;
		};
		C061E6172EDCDE2F00233C43 /* Release */ = {
			isa = XCBuildConfiguration;
			buildSettings = {
				CODE_SIGN_STYLE = Automatic;
				CURRENT_PROJECT_VERSION = 1;
				DEVELOPMENT_TEAM = LY8LHRDJ97;
				GENERATE_INFOPLIST_FILE = YES;
				INFOPLIST_FILE = maayyiz/Info.plist;
				INFOPLIST_KEY_CFBundleDisplayName = maayyiz;
				INFOPLIST_KEY_NSHumanReadableCopyright = "";
				IPHONEOS_DEPLOYMENT_TARGET = 26.1;
				LD_RUNPATH_SEARCH_PATHS = (
					"$(inherited)",
					"@executable_path/Frameworks",
					"@executable_path/../../Frameworks",
				);
				MARKETING_VERSION = 1.0;
				PRODUCT_BUNDLE_IDENTIFIER = BBola.Mayyiz.maayyiz;
				PRODUCT_NAME = "$(TARGET_NAME)";
				SDKROOT = iphoneos;
				SKIP_INSTALL = YES;
				STRING_CATALOG_GENERATE_SYMBOLS = YES;
				SWIFT_APPROACHABLE_CONCURRENCY = YES;
				SWIFT_EMIT_LOC_STRINGS = YES;
				SWIFT_UPCOMING_FEATURE_MEMBER_IMPORT_VISIBILITY = YES;
				SWIFT_VERSION = 5.0;
				TARGETED_DEVICE_FAMILY = "1,2";
				VALIDATE_PRODUCT = YES;
			};
			name = Release;
		};
/* End XCBuildConfiguration section */

/* Begin XCConfigurationList section */
		C05E42C22EC1203B00F3A26E /* Build configuration list for PBXProject "Mayyiz" */ = {
			isa = XCConfigurationList;
			buildConfigurations = (
				C05E42E62EC1203D00F3A26E /* Debug */,
				C05E42E72EC1203D00F3A26E /* Release */,
			);
			defaultConfigurationIsVisible = 0;
			defaultConfigurationName = Release;
		};
		C05E42E82EC1203D00F3A26E /* Build configuration list for PBXNativeTarget "Mayyiz" */ = {
			isa = XCConfigurationList;
			buildConfigurations = (
				C05E42E92EC1203D00F3A26E /* Debug */,
				C05E42EA2EC1203D00F3A26E /* Release */,
			);
			defaultConfigurationIsVisible = 0;
			defaultConfigurationName = Release;
		};
		C05E42EB2EC1203D00F3A26E /* Build configuration list for PBXNativeTarget "MayyizTests" */ = {
			isa = XCConfigurationList;
			buildConfigurations = (
				C05E42EC2EC1203D00F3A26E /* Debug */,
				C05E42ED2EC1203D00F3A26E /* Release */,
			);
			defaultConfigurationIsVisible = 0;
			defaultConfigurationName = Release;
		};
		C05E42EE2EC1203D00F3A26E /* Build configuration list for PBXNativeTarget "MayyizUITests" */ = {
			isa = XCConfigurationList;
			buildConfigurations = (
				C05E42EF2EC1203D00F3A26E /* Debug */,
				C05E42F02EC1203D00F3A26E /* Release */,
			);
			defaultConfigurationIsVisible = 0;
			defaultConfigurationName = Release;
		};
		C061E6182EDCDE2F00233C43 /* Build configuration list for PBXNativeTarget "maayyiz" */ = {
			isa = XCConfigurationList;
			buildConfigurations = (
				C061E6162EDCDE2F00233C43 /* Debug */,
				C061E6172EDCDE2F00233C43 /* Release */,
			);
			defaultConfigurationIsVisible = 0;
			defaultConfigurationName = Release;
		};
/* End XCConfigurationList section */

/* Begin XCRemoteSwiftPackageReference section */
		C061E59C2EDB1F8600233C43 /* XCRemoteSwiftPackageReference "firebase-ios-sdk" */ = {
			isa = XCRemoteSwiftPackageReference;
			repositoryURL = "https://github.com/firebase/firebase-ios-sdk";
			requirement = {
				kind = upToNextMajorVersion;
				minimumVersion = 12.6.0;
			};
		};
/* End XCRemoteSwiftPackageReference section */

/* Begin XCSwiftPackageProductDependency section */
		C061E59E2EDB202100233C43 /* FirebaseAnalytics */ = {
			isa = XCSwiftPackageProductDependency;
			package = C061E59C2EDB1F8600233C43 /* XCRemoteSwiftPackageReference "firebase-ios-sdk" */;
			productName = FirebaseAnalytics;
		};
		C061E5A02EDB202100233C43 /* FirebaseAuth */ = {
			isa = XCSwiftPackageProductDependency;
			package = C061E59C2EDB1F8600233C43 /* XCRemoteSwiftPackageReference "firebase-ios-sdk" */;
			productName = FirebaseAuth;
		};
		C061E5A22EDB202100233C43 /* FirebaseCore */ = {
			isa = XCSwiftPackageProductDependency;
			package = C061E59C2EDB1F8600233C43 /* XCRemoteSwiftPackageReference "firebase-ios-sdk" */;
			productName = FirebaseCore;
		};
		C061E5A42EDB202100233C43 /* FirebaseFirestore */ = {
			isa = XCSwiftPackageProductDependency;
			package = C061E59C2EDB1F8600233C43 /* XCRemoteSwiftPackageReference "firebase-ios-sdk" */;
			productName = FirebaseFirestore;
		};
		C061E5A62EDB228500233C43 /* FirebaseCrashlytics */ = {
			isa = XCSwiftPackageProductDependency;
			package = C061E59C2EDB1F8600233C43 /* XCRemoteSwiftPackageReference "firebase-ios-sdk" */;
			productName = FirebaseCrashlytics;
		};
/* End XCSwiftPackageProductDependency section */
	};
	rootObject = C05E42BF2EC1203B00F3A26E /* Project object */;
}
